{
  "pins" : [
    {
      "identity" : "swiftui-snapshot-testing",
      "kind" : "remoteSourceControl",
      "location" : "https://github.com/paulz/SwiftUI-snapshot-testing.git",
      "state" : {
        "branch" : "main",
        "revision" : "3fed7b03cd3bfd496cfb6c59bce108ed90eee5c5"
      }
    }
  ],
  "version" : 2
}
