// !$*UTF8*$!
{
	archiveVersion = 1;
	classes = {
	};
	objectVersion = 55;
	objects = {

/* Begin PBXBuildFile section */
		4B3A8F44282CD91800C8E9BB /* RenderViewTest.swift in Sources */ = {isa = PBXBuildFile; fileRef = 4B3A8F35282CD68200C8E9BB /* RenderViewTest.swift */; };
		4B3A8F49282CDE8300C8E9BB /* SampleView.swift in Sources */ = {isa = PBXBuildFile; fileRef = 4B3A8F48282CDE8300C8E9BB /* SampleView.swift */; };
		4B3A8F4A282CDE8300C8E9BB /* SampleView.swift in Sources */ = {isa = PBXBuildFile; fileRef = 4B3A8F48282CDE8300C8E9BB /* SampleView.swift */; };
		4B3A8F4F282CE3D900C8E9BB /* UIView+Extensions.swift in Sources */ = {isa = PBXBuildFile; fileRef = 4B3A8F4E282CE3D900C8E9BB /* UIView+Extensions.swift */; };
		4B3A8F50282CE3D900C8E9BB /* UIView+Extensions.swift in Sources */ = {isa = PBXBuildFile; fileRef = 4B3A8F4E282CE3D900C8E9BB /* UIView+Extensions.swift */; };
		4BC8BF0528092E9E00379219 /* ExperimentsApp.swift in Sources */ = {isa = PBXBuildFile; fileRef = 4BC8BF0428092E9E00379219 /* ExperimentsApp.swift */; };
		4BC8BF0728092E9E00379219 /* ContentView.swift in Sources */ = {isa = PBXBuildFile; fileRef = 4BC8BF0628092E9E00379219 /* ContentView.swift */; };
		4BC8BF0928092EA000379219 /* Assets.xcassets in Resources */ = {isa = PBXBuildFile; fileRef = 4BC8BF0828092EA000379219 /* Assets.xcassets */; };
		4BC8BF0C28092EA000379219 /* Preview Assets.xcassets in Resources */ = {isa = PBXBuildFile; fileRef = 4BC8BF0B28092EA000379219 /* Preview Assets.xcassets */; };
		4BC8BF2028092EA000379219 /* ExperimentsUITests.swift in Sources */ = {isa = PBXBuildFile; fileRef = 4BC8BF1F28092EA000379219 /* ExperimentsUITests.swift */; };
		4BC8BF2F2809307900379219 /* DateFormatterRace.swift in Sources */ = {isa = PBXBuildFile; fileRef = 4BC8BF2E2809307900379219 /* DateFormatterRace.swift */; };
		C400FB7B2861238A008F39AD /* TaskCancellationRace.swift in Sources */ = {isa = PBXBuildFile; fileRef = C400FB7A2861238A008F39AD /* TaskCancellationRace.swift */; };
		C400FB7C286123D0008F39AD /* Task+Utilities.swift in Sources */ = {isa = PBXBuildFile; fileRef = C400FB7628611E4D008F39AD /* Task+Utilities.swift */; };
/* End PBXBuildFile section */

/* Begin PBXContainerItemProxy section */
		4B3A8F3F282CD6E100C8E9BB /* PBXContainerItemProxy */ = {
			isa = PBXContainerItemProxy;
			containerPortal = 4BC8BEF928092E9E00379219 /* Project object */;
			proxyType = 1;
			remoteGlobalIDString = 4BC8BF0028092E9E00379219;
			remoteInfo = Experiments;
		};
		4BC8BF1228092EA000379219 /* PBXContainerItemProxy */ = {
			isa = PBXContainerItemProxy;
			containerPortal = 4BC8BEF928092E9E00379219 /* Project object */;
			proxyType = 1;
			remoteGlobalIDString = 4BC8BF0028092E9E00379219;
			remoteInfo = Experiments;
		};
		4BC8BF1C28092EA000379219 /* PBXContainerItemProxy */ = {
			isa = PBXContainerItemProxy;
			containerPortal = 4BC8BEF928092E9E00379219 /* Project object */;
			proxyType = 1;
			remoteGlobalIDString = 4BC8BF0028092E9E00379219;
			remoteInfo = Experiments;
		};
/* End PBXContainerItemProxy section */

/* Begin PBXFileReference section */
		4B3A8F35282CD68200C8E9BB /* RenderViewTest.swift */ = {isa = PBXFileReference; lastKnownFileType = sourcecode.swift; path = RenderViewTest.swift; sourceTree = "<group>"; };
		4B3A8F3B282CD6E100C8E9BB /* UnitTests.xctest */ = {isa = PBXFileReference; explicitFileType = wrapper.cfbundle; includeInIndex = 0; path = UnitTests.xctest; sourceTree = BUILT_PRODUCTS_DIR; };
		4B3A8F48282CDE8300C8E9BB /* SampleView.swift */ = {isa = PBXFileReference; lastKnownFileType = sourcecode.swift; path = SampleView.swift; sourceTree = "<group>"; };
		4B3A8F4C282CE0CE00C8E9BB /* sampleView.png */ = {isa = PBXFileReference; lastKnownFileType = image.png; path = sampleView.png; sourceTree = "<group>"; };
		4B3A8F4D282CE0EC00C8E9BB /* sampleSwiftUIView-blank.png */ = {isa = PBXFileReference; lastKnownFileType = image.png; path = "sampleSwiftUIView-blank.png"; sourceTree = "<group>"; };
		4B3A8F4E282CE3D900C8E9BB /* UIView+Extensions.swift */ = {isa = PBXFileReference; lastKnownFileType = sourcecode.swift; path = "UIView+Extensions.swift"; sourceTree = "<group>"; };
		4BB868EB280963C100F1850D /* workflows */ = {isa = PBXFileReference; lastKnownFileType = folder; name = workflows; path = .github/workflows; sourceTree = "<group>"; };
		4BC8BF0128092E9E00379219 /* Experiments.app */ = {isa = PBXFileReference; explicitFileType = wrapper.application; includeInIndex = 0; path = Experiments.app; sourceTree = BUILT_PRODUCTS_DIR; };
		4BC8BF0428092E9E00379219 /* ExperimentsApp.swift */ = {isa = PBXFileReference; lastKnownFileType = sourcecode.swift; path = ExperimentsApp.swift; sourceTree = "<group>"; };
		4BC8BF0628092E9E00379219 /* ContentView.swift */ = {isa = PBXFileReference; lastKnownFileType = sourcecode.swift; path = ContentView.swift; sourceTree = "<group>"; };
		4BC8BF0828092EA000379219 /* Assets.xcassets */ = {isa = PBXFileReference; lastKnownFileType = folder.assetcatalog; path = Assets.xcassets; sourceTree = "<group>"; };
		4BC8BF0B28092EA000379219 /* Preview Assets.xcassets */ = {isa = PBXFileReference; lastKnownFileType = folder.assetcatalog; path = "Preview Assets.xcassets"; sourceTree = "<group>"; };
		4BC8BF1128092EA000379219 /* ApplicationTests.xctest */ = {isa = PBXFileReference; explicitFileType = wrapper.cfbundle; includeInIndex = 0; path = ApplicationTests.xctest; sourceTree = BUILT_PRODUCTS_DIR; };
		4BC8BF1B28092EA000379219 /* UITests.xctest */ = {isa = PBXFileReference; explicitFileType = wrapper.cfbundle; includeInIndex = 0; path = UITests.xctest; sourceTree = BUILT_PRODUCTS_DIR; };
		4BC8BF1F28092EA000379219 /* ExperimentsUITests.swift */ = {isa = PBXFileReference; lastKnownFileType = sourcecode.swift; path = ExperimentsUITests.swift; sourceTree = "<group>"; };
		4BC8BF2E2809307900379219 /* DateFormatterRace.swift */ = {isa = PBXFileReference; lastKnownFileType = sourcecode.swift; path = DateFormatterRace.swift; sourceTree = "<group>"; };
		C400FB7628611E4D008F39AD /* Task+Utilities.swift */ = {isa = PBXFileReference; fileEncoding = 4; lastKnownFileType = sourcecode.swift; path = "Task+Utilities.swift"; sourceTree = "<group>"; };
		C400FB7A2861238A008F39AD /* TaskCancellationRace.swift */ = {isa = PBXFileReference; lastKnownFileType = sourcecode.swift; path = TaskCancellationRace.swift; sourceTree = "<group>"; };
/* End PBXFileReference section */

/* Begin PBXFrameworksBuildPhase section */
		4B3A8F38282CD6E100C8E9BB /* Frameworks */ = {
			isa = PBXFrameworksBuildPhase;
			buildActionMask = 2147483647;
			files = (
			);
			runOnlyForDeploymentPostprocessing = 0;
		};
		4BC8BEFE28092E9E00379219 /* Frameworks */ = {
			isa = PBXFrameworksBuildPhase;
			buildActionMask = 2147483647;
			files = (
			);
			runOnlyForDeploymentPostprocessing = 0;
		};
		4BC8BF0E28092EA000379219 /* Frameworks */ = {
			isa = PBXFrameworksBuildPhase;
			buildActionMask = 2147483647;
			files = (
			);
			runOnlyForDeploymentPostprocessing = 0;
		};
		4BC8BF1828092EA000379219 /* Frameworks */ = {
			isa = PBXFrameworksBuildPhase;
			buildActionMask = 2147483647;
			files = (
			);
			runOnlyForDeploymentPostprocessing = 0;
		};
/* End PBXFrameworksBuildPhase section */

/* Begin PBXGroup section */
		4B3A8F3C282CD6E100C8E9BB /* UnitTests */ = {
			isa = PBXGroup;
			children = (
				4B3A8F48282CDE8300C8E9BB /* SampleView.swift */,
				4B3A8F4D282CE0EC00C8E9BB /* sampleSwiftUIView-blank.png */,
				4B3A8F4C282CE0CE00C8E9BB /* sampleView.png */,
				4B3A8F35282CD68200C8E9BB /* RenderViewTest.swift */,
				4B3A8F4E282CE3D900C8E9BB /* UIView+Extensions.swift */,
			);
			path = UnitTests;
			sourceTree = "<group>";
		};
		4BC8BEF828092E9E00379219 = {
			isa = PBXGroup;
			children = (
				4BB868EB280963C100F1850D /* workflows */,
				4BC8BF0328092E9E00379219 /* Experiments */,
				4BC8BF1428092EA000379219 /* ApplicationTests */,
				4BC8BF1E28092EA000379219 /* ExperimentsUITests */,
				4B3A8F3C282CD6E100C8E9BB /* UnitTests */,
				4BC8BF0228092E9E00379219 /* Products */,
			);
			sourceTree = "<group>";
		};
		4BC8BF0228092E9E00379219 /* Products */ = {
			isa = PBXGroup;
			children = (
				4BC8BF0128092E9E00379219 /* Experiments.app */,
				4BC8BF1128092EA000379219 /* ApplicationTests.xctest */,
				4BC8BF1B28092EA000379219 /* UITests.xctest */,
				4B3A8F3B282CD6E100C8E9BB /* UnitTests.xctest */,
			);
			name = Products;
			sourceTree = "<group>";
		};
		4BC8BF0328092E9E00379219 /* Experiments */ = {
			isa = PBXGroup;
			children = (
				4BC8BF0428092E9E00379219 /* ExperimentsApp.swift */,
				4BC8BF0628092E9E00379219 /* ContentView.swift */,
				4BC8BF2E2809307900379219 /* DateFormatterRace.swift */,
				4BC8BF0828092EA000379219 /* Assets.xcassets */,
				4BC8BF0A28092EA000379219 /* Preview Content */,
				C400FB7A2861238A008F39AD /* TaskCancellationRace.swift */,
				C400FB7628611E4D008F39AD /* Task+Utilities.swift */,
			);
			path = Experiments;
			sourceTree = "<group>";
		};
		4BC8BF0A28092EA000379219 /* Preview Content */ = {
			isa = PBXGroup;
			children = (
				4BC8BF0B28092EA000379219 /* Preview Assets.xcassets */,
			);
			path = "Preview Content";
			sourceTree = "<group>";
		};
		4BC8BF1428092EA000379219 /* ApplicationTests */ = {
			isa = PBXGroup;
			children = (
			);
			path = ApplicationTests;
			sourceTree = "<group>";
		};
		4BC8BF1E28092EA000379219 /* ExperimentsUITests */ = {
			isa = PBXGroup;
			children = (
				4BC8BF1F28092EA000379219 /* ExperimentsUITests.swift */,
			);
			path = ExperimentsUITests;
			sourceTree = "<group>";
		};
/* End PBXGroup section */

/* Begin PBXNativeTarget section */
		4B3A8F3A282CD6E100C8E9BB /* UnitTests */ = {
			isa = PBXNativeTarget;
			buildConfigurationList = 4B3A8F41282CD6E100C8E9BB /* Build configuration list for PBXNativeTarget "UnitTests" */;
			buildPhases = (
				4B3A8F37282CD6E100C8E9BB /* Sources */,
				4B3A8F38282CD6E100C8E9BB /* Frameworks */,
				4B3A8F39282CD6E100C8E9BB /* Resources */,
			);
			buildRules = (
			);
			dependencies = (
				4B3A8F40282CD6E100C8E9BB /* PBXTargetDependency */,
			);
			name = UnitTests;
			productName = UnitTests;
			productReference = 4B3A8F3B282CD6E100C8E9BB /* UnitTests.xctest */;
			productType = "com.apple.product-type.bundle.unit-test";
		};
		4BC8BF0028092E9E00379219 /* Experiments */ = {
			isa = PBXNativeTarget;
			buildConfigurationList = 4BC8BF2528092EA000379219 /* Build configuration list for PBXNativeTarget "Experiments" */;
			buildPhases = (
				4BC8BEFD28092E9E00379219 /* Sources */,
				4BC8BEFE28092E9E00379219 /* Frameworks */,
				4BC8BEFF28092E9E00379219 /* Resources */,
			);
			buildRules = (
			);
			dependencies = (
			);
			name = Experiments;
			productName = Experiments;
			productReference = 4BC8BF0128092E9E00379219 /* Experiments.app */;
			productType = "com.apple.product-type.application";
		};
		4BC8BF1028092EA000379219 /* ApplicationTests */ = {
			isa = PBXNativeTarget;
			buildConfigurationList = 4BC8BF2828092EA000379219 /* Build configuration list for PBXNativeTarget "ApplicationTests" */;
			buildPhases = (
				4BC8BF0D28092EA000379219 /* Sources */,
				4BC8BF0E28092EA000379219 /* Frameworks */,
				4BC8BF0F28092EA000379219 /* Resources */,
			);
			buildRules = (
			);
			dependencies = (
				4BC8BF1328092EA000379219 /* PBXTargetDependency */,
			);
			name = ApplicationTests;
			productName = ExperimentsTests;
			productReference = 4BC8BF1128092EA000379219 /* ApplicationTests.xctest */;
			productType = "com.apple.product-type.bundle.unit-test";
		};
		4BC8BF1A28092EA000379219 /* UITests */ = {
			isa = PBXNativeTarget;
			buildConfigurationList = 4BC8BF2B28092EA000379219 /* Build configuration list for PBXNativeTarget "UITests" */;
			buildPhases = (
				4BC8BF1728092EA000379219 /* Sources */,
				4BC8BF1828092EA000379219 /* Frameworks */,
				4BC8BF1928092EA000379219 /* Resources */,
			);
			buildRules = (
			);
			dependencies = (
				4BC8BF1D28092EA000379219 /* PBXTargetDependency */,
			);
			name = UITests;
			productName = ExperimentsUITests;
			productReference = 4BC8BF1B28092EA000379219 /* UITests.xctest */;
			productType = "com.apple.product-type.bundle.ui-testing";
		};
/* End PBXNativeTarget section */

/* Begin PBXProject section */
		4BC8BEF928092E9E00379219 /* Project object */ = {
			isa = PBXProject;
			attributes = {
				BuildIndependentTargetsInParallel = 1;
				LastSwiftUpdateCheck = 1330;
				LastUpgradeCheck = 1330;
				TargetAttributes = {
					4B3A8F3A282CD6E100C8E9BB = {
						CreatedOnToolsVersion = 13.3.1;
					};
					4BC8BF0028092E9E00379219 = {
						CreatedOnToolsVersion = 13.3.1;
					};
					4BC8BF1028092EA000379219 = {
						CreatedOnToolsVersion = 13.3.1;
						TestTargetID = 4BC8BF0028092E9E00379219;
					};
					4BC8BF1A28092EA000379219 = {
						CreatedOnToolsVersion = 13.3.1;
						TestTargetID = 4BC8BF0028092E9E00379219;
					};
				};
			};
			buildConfigurationList = 4BC8BEFC28092E9E00379219 /* Build configuration list for PBXProject "Experiments" */;
			compatibilityVersion = "Xcode 13.0";
			developmentRegion = en;
			hasScannedForEncodings = 0;
			knownRegions = (
				en,
				Base,
			);
			mainGroup = 4BC8BEF828092E9E00379219;
			productRefGroup = 4BC8BF0228092E9E00379219 /* Products */;
			projectDirPath = "";
			projectRoot = "";
			targets = (
				4BC8BF0028092E9E00379219 /* Experiments */,
				4BC8BF1028092EA000379219 /* ApplicationTests */,
				4BC8BF1A28092EA000379219 /* UITests */,
				4B3A8F3A282CD6E100C8E9BB /* UnitTests */,
			);
		};
/* End PBXProject section */

/* Begin PBXResourcesBuildPhase section */
		4B3A8F39282CD6E100C8E9BB /* Resources */ = {
			isa = PBXResourcesBuildPhase;
			buildActionMask = 2147483647;
			files = (
			);
			runOnlyForDeploymentPostprocessing = 0;
		};
		4BC8BEFF28092E9E00379219 /* Resources */ = {
			isa = PBXResourcesBuildPhase;
			buildActionMask = 2147483647;
			files = (
				4BC8BF0C28092EA000379219 /* Preview Assets.xcassets in Resources */,
				4BC8BF0928092EA000379219 /* Assets.xcassets in Resources */,
			);
			runOnlyForDeploymentPostprocessing = 0;
		};
		4BC8BF0F28092EA000379219 /* Resources */ = {
			isa = PBXResourcesBuildPhase;
			buildActionMask = 2147483647;
			files = (
			);
			runOnlyForDeploymentPostprocessing = 0;
		};
		4BC8BF1928092EA000379219 /* Resources */ = {
			isa = PBXResourcesBuildPhase;
			buildActionMask = 2147483647;
			files = (
			);
			runOnlyForDeploymentPostprocessing = 0;
		};
/* End PBXResourcesBuildPhase section */

/* Begin PBXSourcesBuildPhase section */
		4B3A8F37282CD6E100C8E9BB /* Sources */ = {
			isa = PBXSourcesBuildPhase;
			buildActionMask = 2147483647;
			files = (
				4B3A8F50282CE3D900C8E9BB /* UIView+Extensions.swift in Sources */,
				4B3A8F4A282CDE8300C8E9BB /* SampleView.swift in Sources */,
				4B3A8F44282CD91800C8E9BB /* RenderViewTest.swift in Sources */,
			);
			runOnlyForDeploymentPostprocessing = 0;
		};
		4BC8BEFD28092E9E00379219 /* Sources */ = {
			isa = PBXSourcesBuildPhase;
			buildActionMask = 2147483647;
			files = (
				C400FB7B2861238A008F39AD /* TaskCancellationRace.swift in Sources */,
				4BC8BF2F2809307900379219 /* DateFormatterRace.swift in Sources */,
				4BC8BF0728092E9E00379219 /* ContentView.swift in Sources */,
				4BC8BF0528092E9E00379219 /* ExperimentsApp.swift in Sources */,
				C400FB7C286123D0008F39AD /* Task+Utilities.swift in Sources */,
			);
			runOnlyForDeploymentPostprocessing = 0;
		};
		4BC8BF0D28092EA000379219 /* Sources */ = {
			isa = PBXSourcesBuildPhase;
			buildActionMask = 2147483647;
			files = (
				4B3A8F4F282CE3D900C8E9BB /* UIView+Extensions.swift in Sources */,
				4B3A8F49282CDE8300C8E9BB /* SampleView.swift in Sources */,
			);
			runOnlyForDeploymentPostprocessing = 0;
		};
		4BC8BF1728092EA000379219 /* Sources */ = {
			isa = PBXSourcesBuildPhase;
			buildActionMask = 2147483647;
			files = (
				4BC8BF2028092EA000379219 /* ExperimentsUITests.swift in Sources */,
			);
			runOnlyForDeploymentPostprocessing = 0;
		};
/* End PBXSourcesBuildPhase section */

/* Begin PBXTargetDependency section */
		4B3A8F40282CD6E100C8E9BB /* PBXTargetDependency */ = {
			isa = PBXTargetDependency;
			target = 4BC8BF0028092E9E00379219 /* Experiments */;
			targetProxy = 4B3A8F3F282CD6E100C8E9BB /* PBXContainerItemProxy */;
		};
		4BC8BF1328092EA000379219 /* PBXTargetDependency */ = {
			isa = PBXTargetDependency;
			target = 4BC8BF0028092E9E00379219 /* Experiments */;
			targetProxy = 4BC8BF1228092EA000379219 /* PBXContainerItemProxy */;
		};
		4BC8BF1D28092EA000379219 /* PBXTargetDependency */ = {
			isa = PBXTargetDependency;
			target = 4BC8BF0028092E9E00379219 /* Experiments */;
			targetProxy = 4BC8BF1C28092EA000379219 /* PBXContainerItemProxy */;
		};
/* End PBXTargetDependency section */

/* Begin XCBuildConfiguration section */
		4B3A8F42282CD6E100C8E9BB /* Debug */ = {
			isa = XCBuildConfiguration;
			buildSettings = {
				PRODUCT_BUNDLE_IDENTIFIER = com.github.paulz.UnitTests;
				PRODUCT_NAME = "$(TARGET_NAME)";
			};
			name = Debug;
		};
		4B3A8F43282CD6E100C8E9BB /* Release */ = {
			isa = XCBuildConfiguration;
			buildSettings = {
				PRODUCT_BUNDLE_IDENTIFIER = com.github.paulz.UnitTests;
				PRODUCT_NAME = "$(TARGET_NAME)";
			};
			name = Release;
		};
		4BC8BF2328092EA000379219 /* Debug */ = {
			isa = XCBuildConfiguration;
			buildSettings = {
				ALWAYS_SEARCH_USER_PATHS = NO;
				CLANG_ANALYZER_NONNULL = YES;
				CLANG_ANALYZER_NUMBER_OBJECT_CONVERSION = YES_AGGRESSIVE;
				CLANG_CXX_LANGUAGE_STANDARD = "gnu++17";
				CLANG_ENABLE_MODULES = YES;
				CLANG_ENABLE_OBJC_ARC = YES;
				CLANG_ENABLE_OBJC_WEAK = YES;
				CLANG_WARN_BLOCK_CAPTURE_AUTORELEASING = YES;
				CLANG_WARN_BOOL_CONVERSION = YES;
				CLANG_WARN_COMMA = YES;
				CLANG_WARN_CONSTANT_CONVERSION = YES;
				CLANG_WARN_DEPRECATED_OBJC_IMPLEMENTATIONS = YES;
				CLANG_WARN_DIRECT_OBJC_ISA_USAGE = YES_ERROR;
				CLANG_WARN_DOCUMENTATION_COMMENTS = YES;
				CLANG_WARN_EMPTY_BODY = YES;
				CLANG_WARN_ENUM_CONVERSION = YES;
				CLANG_WARN_INFINITE_RECURSION = YES;
				CLANG_WARN_INT_CONVERSION = YES;
				CLANG_WARN_NON_LITERAL_NULL_CONVERSION = YES;
				CLANG_WARN_OBJC_IMPLICIT_RETAIN_SELF = YES;
				CLANG_WARN_OBJC_LITERAL_CONVERSION = YES;
				CLANG_WARN_OBJC_ROOT_CLASS = YES_ERROR;
				CLANG_WARN_QUOTED_INCLUDE_IN_FRAMEWORK_HEADER = YES;
				CLANG_WARN_RANGE_LOOP_ANALYSIS = YES;
				CLANG_WARN_STRICT_PROTOTYPES = YES;
				CLANG_WARN_SUSPICIOUS_MOVE = YES;
				CLANG_WARN_UNGUARDED_AVAILABILITY = YES_AGGRESSIVE;
				CLANG_WARN_UNREACHABLE_CODE = YES;
				CLANG_WARN__DUPLICATE_METHOD_MATCH = YES;
				COPY_PHASE_STRIP = NO;
				CURRENT_PROJECT_VERSION = 1;
				DEBUG_INFORMATION_FORMAT = dwarf;
				ENABLE_STRICT_OBJC_MSGSEND = YES;
				ENABLE_TESTABILITY = YES;
				GCC_C_LANGUAGE_STANDARD = gnu11;
				GCC_DYNAMIC_NO_PIC = NO;
				GCC_NO_COMMON_BLOCKS = YES;
				GCC_OPTIMIZATION_LEVEL = 0;
				GCC_PREPROCESSOR_DEFINITIONS = (
					"DEBUG=1",
					"$(inherited)",
				);
				GCC_WARN_64_TO_32_BIT_CONVERSION = YES;
				GCC_WARN_ABOUT_RETURN_TYPE = YES_ERROR;
				GCC_WARN_UNDECLARED_SELECTOR = YES;
				GCC_WARN_UNINITIALIZED_AUTOS = YES_AGGRESSIVE;
				GCC_WARN_UNUSED_FUNCTION = YES;
				GCC_WARN_UNUSED_VARIABLE = YES;
				GENERATE_INFOPLIST_FILE = YES;
				IPHONEOS_DEPLOYMENT_TARGET = 15.0;
				MARKETING_VERSION = 1.0;
				MTL_ENABLE_DEBUG_INFO = INCLUDE_SOURCE;
				MTL_FAST_MATH = YES;
				ONLY_ACTIVE_ARCH = YES;
				SDKROOT = iphoneos;
				SWIFT_ACTIVE_COMPILATION_CONDITIONS = DEBUG;
				SWIFT_OPTIMIZATION_LEVEL = "-Onone";
				SWIFT_VERSION = 5.0;
			};
			name = Debug;
		};
		4BC8BF2428092EA000379219 /* Release */ = {
			isa = XCBuildConfiguration;
			buildSettings = {
				ALWAYS_SEARCH_USER_PATHS = NO;
				CLANG_ANALYZER_NONNULL = YES;
				CLANG_ANALYZER_NUMBER_OBJECT_CONVERSION = YES_AGGRESSIVE;
				CLANG_CXX_LANGUAGE_STANDARD = "gnu++17";
				CLANG_ENABLE_MODULES = YES;
				CLANG_ENABLE_OBJC_ARC = YES;
				CLANG_ENABLE_OBJC_WEAK = YES;
				CLANG_WARN_BLOCK_CAPTURE_AUTORELEASING = YES;
				CLANG_WARN_BOOL_CONVERSION = YES;
				CLANG_WARN_COMMA = YES;
				CLANG_WARN_CONSTANT_CONVERSION = YES;
				CLANG_WARN_DEPRECATED_OBJC_IMPLEMENTATIONS = YES;
				CLANG_WARN_DIRECT_OBJC_ISA_USAGE = YES_ERROR;
				CLANG_WARN_DOCUMENTATION_COMMENTS = YES;
				CLANG_WARN_EMPTY_BODY = YES;
				CLANG_WARN_ENUM_CONVERSION = YES;
				CLANG_WARN_INFINITE_RECURSION = YES;
				CLANG_WARN_INT_CONVERSION = YES;
				CLANG_WARN_NON_LITERAL_NULL_CONVERSION = YES;
				CLANG_WARN_OBJC_IMPLICIT_RETAIN_SELF = YES;
				CLANG_WARN_OBJC_LITERAL_CONVERSION = YES;
				CLANG_WARN_OBJC_ROOT_CLASS = YES_ERROR;
				CLANG_WARN_QUOTED_INCLUDE_IN_FRAMEWORK_HEADER = YES;
				CLANG_WARN_RANGE_LOOP_ANALYSIS = YES;
				CLANG_WARN_STRICT_PROTOTYPES = YES;
				CLANG_WARN_SUSPICIOUS_MOVE = YES;
				CLANG_WARN_UNGUARDED_AVAILABILITY = YES_AGGRESSIVE;
				CLANG_WARN_UNREACHABLE_CODE = YES;
				CLANG_WARN__DUPLICATE_METHOD_MATCH = YES;
				COPY_PHASE_STRIP = NO;
				CURRENT_PROJECT_VERSION = 1;
				DEBUG_INFORMATION_FORMAT = "dwarf-with-dsym";
				ENABLE_NS_ASSERTIONS = NO;
				ENABLE_STRICT_OBJC_MSGSEND = YES;
				GCC_C_LANGUAGE_STANDARD = gnu11;
				GCC_NO_COMMON_BLOCKS = YES;
				GCC_WARN_64_TO_32_BIT_CONVERSION = YES;
				GCC_WARN_ABOUT_RETURN_TYPE = YES_ERROR;
				GCC_WARN_UNDECLARED_SELECTOR = YES;
				GCC_WARN_UNINITIALIZED_AUTOS = YES_AGGRESSIVE;
				GCC_WARN_UNUSED_FUNCTION = YES;
				GCC_WARN_UNUSED_VARIABLE = YES;
				GENERATE_INFOPLIST_FILE = YES;
				IPHONEOS_DEPLOYMENT_TARGET = 15.0;
				MARKETING_VERSION = 1.0;
				MTL_ENABLE_DEBUG_INFO = NO;
				MTL_FAST_MATH = YES;
				SDKROOT = iphoneos;
				SWIFT_COMPILATION_MODE = wholemodule;
				SWIFT_OPTIMIZATION_LEVEL = "-O";
				SWIFT_VERSION = 5.0;
				VALIDATE_PRODUCT = YES;
			};
			name = Release;
		};
		4BC8BF2628092EA000379219 /* Debug */ = {
			isa = XCBuildConfiguration;
			buildSettings = {
				ASSETCATALOG_COMPILER_APPICON_NAME = AppIcon;
				ASSETCATALOG_COMPILER_GLOBAL_ACCENT_COLOR_NAME = AccentColor;
				DEVELOPMENT_ASSET_PATHS = "\"Experiments/Preview Content\"";
				ENABLE_PREVIEWS = YES;
				INFOPLIST_KEY_UIApplicationSceneManifest_Generation = YES;
				INFOPLIST_KEY_UIApplicationSupportsIndirectInputEvents = YES;
				INFOPLIST_KEY_UILaunchScreen_Generation = YES;
				INFOPLIST_KEY_UISupportedInterfaceOrientations_iPad = "UIInterfaceOrientationPortrait UIInterfaceOrientationPortraitUpsideDown UIInterfaceOrientationLandscapeLeft UIInterfaceOrientationLandscapeRight";
				INFOPLIST_KEY_UISupportedInterfaceOrientations_iPhone = "UIInterfaceOrientationPortrait UIInterfaceOrientationLandscapeLeft UIInterfaceOrientationLandscapeRight";
				LD_RUNPATH_SEARCH_PATHS = (
					"$(inherited)",
					"@executable_path/Frameworks",
				);
				PRODUCT_BUNDLE_IDENTIFIER = com.lucrasports.Experiments;
				PRODUCT_NAME = "$(TARGET_NAME)";
			};
			name = Debug;
		};
		4BC8BF2728092EA000379219 /* Release */ = {
			isa = XCBuildConfiguration;
			buildSettings = {
				ASSETCATALOG_COMPILER_APPICON_NAME = AppIcon;
				ASSETCATALOG_COMPILER_GLOBAL_ACCENT_COLOR_NAME = AccentColor;
				DEVELOPMENT_ASSET_PATHS = "\"Experiments/Preview Content\"";
				ENABLE_PREVIEWS = YES;
				INFOPLIST_KEY_UIApplicationSceneManifest_Generation = YES;
				INFOPLIST_KEY_UIApplicationSupportsIndirectInputEvents = YES;
				INFOPLIST_KEY_UILaunchScreen_Generation = YES;
				INFOPLIST_KEY_UISupportedInterfaceOrientations_iPad = "UIInterfaceOrientationPortrait UIInterfaceOrientationPortraitUpsideDown UIInterfaceOrientationLandscapeLeft UIInterfaceOrientationLandscapeRight";
				INFOPLIST_KEY_UISupportedInterfaceOrientations_iPhone = "UIInterfaceOrientationPortrait UIInterfaceOrientationLandscapeLeft UIInterfaceOrientationLandscapeRight";
				LD_RUNPATH_SEARCH_PATHS = (
					"$(inherited)",
					"@executable_path/Frameworks",
				);
				PRODUCT_BUNDLE_IDENTIFIER = com.lucrasports.Experiments;
				PRODUCT_NAME = "$(TARGET_NAME)";
			};
			name = Release;
		};
		4BC8BF2928092EA000379219 /* Debug */ = {
			isa = XCBuildConfiguration;
			buildSettings = {
				ALWAYS_EMBED_SWIFT_STANDARD_LIBRARIES = YES;
				BUNDLE_LOADER = "$(TEST_HOST)";
				PRODUCT_BUNDLE_IDENTIFIER = com.lucrasports.ApplicationTests;
				PRODUCT_NAME = "$(TARGET_NAME)";
				TEST_HOST = "$(BUILT_PRODUCTS_DIR)/Experiments.app/Experiments";
			};
			name = Debug;
		};
		4BC8BF2A28092EA000379219 /* Release */ = {
			isa = XCBuildConfiguration;
			buildSettings = {
				ALWAYS_EMBED_SWIFT_STANDARD_LIBRARIES = YES;
				BUNDLE_LOADER = "$(TEST_HOST)";
				PRODUCT_BUNDLE_IDENTIFIER = com.lucrasports.ApplicationTests;
				PRODUCT_NAME = "$(TARGET_NAME)";
				TEST_HOST = "$(BUILT_PRODUCTS_DIR)/Experiments.app/Experiments";
			};
			name = Release;
		};
		4BC8BF2C28092EA000379219 /* Debug */ = {
			isa = XCBuildConfiguration;
			buildSettings = {
				ALWAYS_EMBED_SWIFT_STANDARD_LIBRARIES = YES;
				PRODUCT_BUNDLE_IDENTIFIER = com.lucrasports.ExperimentsUITests;
				PRODUCT_NAME = "$(TARGET_NAME)";
				TEST_TARGET_NAME = Experiments;
			};
			name = Debug;
		};
		4BC8BF2D28092EA000379219 /* Release */ = {
			isa = XCBuildConfiguration;
			buildSettings = {
				ALWAYS_EMBED_SWIFT_STANDARD_LIBRARIES = YES;
				PRODUCT_BUNDLE_IDENTIFIER = com.lucrasports.ExperimentsUITests;
				PRODUCT_NAME = "$(TARGET_NAME)";
				TEST_TARGET_NAME = Experiments;
			};
			name = Release;
		};
/* End XCBuildConfiguration section */

/* Begin XCConfigurationList section */
		4B3A8F41282CD6E100C8E9BB /* Build configuration list for PBXNativeTarget "UnitTests" */ = {
			isa = XCConfigurationList;
			buildConfigurations = (
				4B3A8F42282CD6E100C8E9BB /* Debug */,
				4B3A8F43282CD6E100C8E9BB /* Release */,
			);
			defaultConfigurationIsVisible = 0;
			defaultConfigurationName = Release;
		};
		4BC8BEFC28092E9E00379219 /* Build configuration list for PBXProject "Experiments" */ = {
			isa = XCConfigurationList;
			buildConfigurations = (
				4BC8BF2328092EA000379219 /* Debug */,
				4BC8BF2428092EA000379219 /* Release */,
			);
			defaultConfigurationIsVisible = 0;
			defaultConfigurationName = Release;
		};
		4BC8BF2528092EA000379219 /* Build configuration list for PBXNativeTarget "Experiments" */ = {
			isa = XCConfigurationList;
			buildConfigurations = (
				4BC8BF2628092EA000379219 /* Debug */,
				4BC8BF2728092EA000379219 /* Release */,
			);
			defaultConfigurationIsVisible = 0;
			defaultConfigurationName = Release;
		};
		4BC8BF2828092EA000379219 /* Build configuration list for PBXNativeTarget "ApplicationTests" */ = {
			isa = XCConfigurationList;
			buildConfigurations = (
				4BC8BF2928092EA000379219 /* Debug */,
				4BC8BF2A28092EA000379219 /* Release */,
			);
			defaultConfigurationIsVisible = 0;
			defaultConfigurationName = Release;
		};
		4BC8BF2B28092EA000379219 /* Build configuration list for PBXNativeTarget "UITests" */ = {
			isa = XCConfigurationList;
			buildConfigurations = (
				4BC8BF2C28092EA000379219 /* Debug */,
				4BC8BF2D28092EA000379219 /* Release */,
			);
			defaultConfigurationIsVisible = 0;
			defaultConfigurationName = Release;
		};
/* End XCConfigurationList section */
	};
	rootObject = 4BC8BEF928092E9E00379219 /* Project object */;
}
